
Microsoft Visual Studio Solution File, Format Version 12.00
# Visual Studio 14
VisualStudioVersion = 14.0.24720.0
MinimumVisualStudioVersion = 10.0.40219.1
Project("{6141683F-8A12-4E36-9623-2EB02B2C2303}") = "FlushSSH_Setup", "FlushSSH_Setup\FlushSSH_Setup.isproj", "{B27CD12C-142E-43F6-9DE0-986EEDAAB4BD}"
EndProject
Global
	GlobalSection(SolutionConfigurationPlatforms) = preSolution
		CD_ROM|Default = CD_ROM|Default
		DVD-5|Default = DVD-5|Default
		SingleImage|Default = SingleImage|Default
	EndGlobalSection
	GlobalSection(ProjectConfigurationPlatforms) = postSolution
		{B27CD12C-142E-43F6-9DE0-986EEDAAB4BD}.CD_ROM|Default.ActiveCfg = SingleImage
		{B27CD12C-142E-43F6-9DE0-986EEDAAB4BD}.CD_ROM|Default.Build.0 = SingleImage
		{B27CD12C-142E-43F6-9DE0-986EEDAAB4BD}.DVD-5|Default.ActiveCfg = DVD-5
		{B27CD12C-142E-43F6-9DE0-986EEDAAB4BD}.DVD-5|Default.Build.0 = DVD-5
		{B27CD12C-142E-43F6-9DE0-986EEDAAB4BD}.SingleImage|Default.ActiveCfg = SingleImage
		{B27CD12C-142E-43F6-9DE0-986EEDAAB4BD}.SingleImage|Default.Build.0 = SingleImage
	EndGlobalSection
	GlobalSection(SolutionProperties) = preSolution
		HideSolutionNode = FALSE
	EndGlobalSection
EndGlobal
